
Microsoft Visual Studio Solution File, Format Version 12.00
# Visual Studio Version 17
VisualStudioVersion = 17.13.35825.156 d17.13
MinimumVisualStudioVersion = 10.0.40219.1
Project("{FAE04EC0-301F-11D3-BF4B-00C04F79EFBC}") = "ImplemntionAlgorithmCode", "ImplemntionAlgorithmCode\ImplemntionAlgorithmCode.csproj", "{8C3AFC80-498E-4F6C-B05E-2DC4054218AD}"
EndProject
Global
	GlobalSection(SolutionConfigurationPlatforms) = preSolution
		Debug|Any CPU = Debug|Any CPU
		Release|Any CPU = Release|Any CPU
	EndGlobalSection
	GlobalSection(ProjectConfigurationPlatforms) = postSolution
		{8C3AFC80-498E-4F6C-B05E-2DC4054218AD}.Debug|Any CPU.ActiveCfg = Debug|Any CPU
		{8C3AFC80-498E-4F6C-B05E-2DC4054218AD}.Debug|Any CPU.Build.0 = Debug|Any CPU
		{8C3AFC80-498E-4F6C-B05E-2DC4054218AD}.Release|Any CPU.ActiveCfg = Release|Any CPU
		{8C3AFC80-498E-4F6C-B05E-2DC4054218AD}.Release|Any CPU.Build.0 = Release|Any CPU
	EndGlobalSection
	GlobalSection(SolutionProperties) = preSolution
		HideSolutionNode = FALSE
	EndGlobalSection
	GlobalSection(ExtensibilityGlobals) = postSolution
		SolutionGuid = {B202034B-52A0-407C-8528-52DF3639216F}
	EndGlobalSection
EndGlobal
